
Microsoft Visual Studio Solution File, Format Version 12.00
# Visual Studio Version 17
VisualStudioVersion = 17.3.32804.467
MinimumVisualStudioVersion = 10.0.40219.1
Project("{FAE04EC0-301F-11D3-BF4B-00C04F79EFBC}") = "ActiveWindow", "ActiveWindow\ActiveWindow.csproj", "{17DBAE4E-E31D-4724-957C-DFFD457057A4}"
EndProject
Global
	GlobalSection(SolutionConfigurationPlatforms) = preSolution
		Debug|Any CPU = Debug|Any CPU
		Release|Any CPU = Release|Any CPU
	EndGlobalSection
	GlobalSection(ProjectConfigurationPlatforms) = postSolution
		{17DBAE4E-E31D-4724-957C-DFFD457057A4}.Debug|Any CPU.ActiveCfg = Debug|Any CPU
		{17DBAE4E-E31D-4724-957C-DFFD457057A4}.Debug|Any CPU.Build.0 = Debug|Any CPU
		{17DBAE4E-E31D-4724-957C-DFFD457057A4}.Release|Any CPU.ActiveCfg = Release|Any CPU
		{17DBAE4E-E31D-4724-957C-DFFD457057A4}.Release|Any CPU.Build.0 = Release|Any CPU
	EndGlobalSection
	GlobalSection(SolutionProperties) = preSolution
		HideSolutionNode = FALSE
	EndGlobalSection
	GlobalSection(ExtensibilityGlobals) = postSolution
		SolutionGuid = {9EC6B648-F1E8-47FB-9875-F28730D3FE5F}
	EndGlobalSection
EndGlobal
